{
  "version": 4,
  "terraform_version": "0.13.5",
  "serial": 1,
  "lineage": "4484dd35-7ad9-bad0-3b23-18b21ddb3a69",
  "outputs": {},
  "resources": [
    {
      "mode": "managed",
      "type": "aws_vpc",
      "name": "myvpc",
      "provider": "provider[\"registry.terraform.io/hashicorp/aws\"]",
      "instances": [
        {
          "schema_version": 1,
          "attributes": {
            "arn": "arn:aws:ec2:eu-west-2:611637807043:vpc/vpc-0c2e52f678cdce96e",
            "assign_generated_ipv6_cidr_block": false,
            "cidr_block": "10.0.0.0/16",
            "default_network_acl_id": "acl-0ad3046c57c78ac45",
            "default_route_table_id": "rtb-0ff1fd87a0f5806d6",
            "default_security_group_id": "sg-00889dc28c05ae675",
            "dhcp_options_id": "dopt-2764344f",
            "enable_classiclink": null,
            "enable_classiclink_dns_support": null,
            "enable_dns_hostnames": false,
            "enable_dns_support": true,
            "id": "vpc-0c2e52f678cdce96e",
            "instance_tenancy": "default",
            "ipv6_association_id": "",
            "ipv6_cidr_block": "",
            "main_route_table_id": "rtb-0ff1fd87a0f5806d6",
            "owner_id": "611637807043",
            "tags": null
          },
          "private": "eyJzY2hlbWFfdmVyc2lvbiI6IjEifQ=="
        }
      ]
    }
  ]
}
