{
  "version": 4,
  "terraform_version": "0.13.5",
  "serial": 2,
  "lineage": "f1d59f75-b112-6395-e1c0-dfc2a68e7b19",
  "outputs": {},
  "resources": [
    {
      "mode": "managed",
      "type": "aws_vpc",
      "name": "myvpc1",
      "provider": "provider[\"registry.terraform.io/hashicorp/aws\"]",
      "instances": [
        {
          "schema_version": 1,
          "attributes": {
            "arn": "arn:aws:ec2:eu-west-2:611637807043:vpc/vpc-061789961ee46f59f",
            "assign_generated_ipv6_cidr_block": false,
            "cidr_block": "10.0.0.0/16",
            "default_network_acl_id": "acl-07f24f832130f48a8",
            "default_route_table_id": "rtb-03fd61f2b8a114bb9",
            "default_security_group_id": "sg-0313127c8d9ebf718",
            "dhcp_options_id": "dopt-2764344f",
            "enable_classiclink": null,
            "enable_classiclink_dns_support": null,
            "enable_dns_hostnames": false,
            "enable_dns_support": true,
            "id": "vpc-061789961ee46f59f",
            "instance_tenancy": "default",
            "ipv6_association_id": "",
            "ipv6_cidr_block": "",
            "main_route_table_id": "rtb-03fd61f2b8a114bb9",
            "owner_id": "611637807043",
            "tags": null
          },
          "private": "eyJzY2hlbWFfdmVyc2lvbiI6IjEifQ=="
        }
      ]
    },
    {
      "mode": "managed",
      "type": "aws_vpc",
      "name": "myvpc2",
      "provider": "provider[\"registry.terraform.io/hashicorp/aws\"]",
      "instances": [
        {
          "schema_version": 1,
          "attributes": {
            "arn": "arn:aws:ec2:eu-west-2:611637807043:vpc/vpc-05372a0768b93f530",
            "assign_generated_ipv6_cidr_block": false,
            "cidr_block": "192.168.0.0/24",
            "default_network_acl_id": "acl-009b76a8bab2505e9",
            "default_route_table_id": "rtb-0ba8f590db9e25ddb",
            "default_security_group_id": "sg-0499ffe4b65267869",
            "dhcp_options_id": "dopt-2764344f",
            "enable_classiclink": null,
            "enable_classiclink_dns_support": null,
            "enable_dns_hostnames": false,
            "enable_dns_support": true,
            "id": "vpc-05372a0768b93f530",
            "instance_tenancy": "default",
            "ipv6_association_id": "",
            "ipv6_cidr_block": "",
            "main_route_table_id": "rtb-0ba8f590db9e25ddb",
            "owner_id": "611637807043",
            "tags": {
              "Name": "myvpc-terraform"
            }
          },
          "private": "eyJzY2hlbWFfdmVyc2lvbiI6IjEifQ=="
        }
      ]
    }
  ]
}
