{
  "version": 4,
  "terraform_version": "0.13.5",
  "serial": 2,
  "lineage": "f7fcf4e8-609e-b486-2906-8a98c2d0237d",
  "outputs": {
    "vpcid": {
      "value": "vpc-06a9ac00e380e6620",
      "type": "string"
    }
  },
  "resources": [
    {
      "mode": "managed",
      "type": "aws_vpc",
      "name": "myvpc",
      "provider": "provider[\"registry.terraform.io/hashicorp/aws\"]",
      "instances": [
        {
          "schema_version": 1,
          "attributes": {
            "arn": "arn:aws:ec2:eu-west-2:611637807043:vpc/vpc-06a9ac00e380e6620",
            "assign_generated_ipv6_cidr_block": false,
            "cidr_block": "10.0.0.0/16",
            "default_network_acl_id": "acl-0b765458ad564948d",
            "default_route_table_id": "rtb-053c06d6fa67b3a1c",
            "default_security_group_id": "sg-099f219ca8a49493f",
            "dhcp_options_id": "dopt-2764344f",
            "enable_classiclink": null,
            "enable_classiclink_dns_support": null,
            "enable_dns_hostnames": false,
            "enable_dns_support": true,
            "id": "vpc-06a9ac00e380e6620",
            "instance_tenancy": "default",
            "ipv6_association_id": "",
            "ipv6_cidr_block": "",
            "main_route_table_id": "rtb-053c06d6fa67b3a1c",
            "owner_id": "611637807043",
            "tags": {
              "DynamicName": "dynamic name",
              "Env": "development",
              "Name": "myvpc",
              "Use": "terraform"
            }
          },
          "private": "eyJzY2hlbWFfdmVyc2lvbiI6IjEifQ=="
        }
      ]
    }
  ]
}
