{
  "version": 4,
  "terraform_version": "0.13.5",
  "serial": 1,
  "lineage": "f56d354e-d456-e7be-5b44-6a7e42431eb7",
  "outputs": {},
  "resources": [
    {
      "mode": "managed",
      "type": "aws_vpc",
      "name": "myvpc",
      "provider": "provider[\"registry.terraform.io/hashicorp/aws\"]",
      "instances": [
        {
          "schema_version": 1,
          "attributes": {
            "arn": "arn:aws:ec2:eu-west-2:611637807043:vpc/vpc-0b23a44a54fe1cd66",
            "assign_generated_ipv6_cidr_block": false,
            "cidr_block": "192.168.0.0/24",
            "default_network_acl_id": "acl-032b2720869516805",
            "default_route_table_id": "rtb-0865a0133d9f0afa7",
            "default_security_group_id": "sg-08e07202a692e8ecf",
            "dhcp_options_id": "dopt-2764344f",
            "enable_classiclink": null,
            "enable_classiclink_dns_support": null,
            "enable_dns_hostnames": false,
            "enable_dns_support": true,
            "id": "vpc-0b23a44a54fe1cd66",
            "instance_tenancy": "default",
            "ipv6_association_id": "",
            "ipv6_cidr_block": "",
            "main_route_table_id": "rtb-0865a0133d9f0afa7",
            "owner_id": "611637807043",
            "tags": {
              "Name": "TerraformVPC"
            }
          },
          "private": "eyJzY2hlbWFfdmVyc2lvbiI6IjEifQ=="
        }
      ]
    }
  ]
}
